PODS:
  - Kingfisher (4.10.1)
  - Networking (4.1.1)
  - RxCocoa (5.0.0):
    - RxRelay (~> 5)
    - RxSwift (~> 5)
  - RxRelay (5.0.0):
    - RxSwift (~> 5)
  - RxSwift (5.0.0)

DEPENDENCIES:
  - Kingfisher (~> 4.10.1)
  - Networking (~> 4.1.1)
  - RxCocoa (= 5.0.0)
  - RxSwift (= 5.0.0)

SPEC REPOS:
  https://github.com/cocoapods/specs.git:
    - Kingfisher
    - Networking
    - RxCocoa
    - RxRelay
    - RxSwift

SPEC CHECKSUMS:
  Kingfisher: c148cd7b47ebde9989f6bc7c27dcaa79d81279a0
  Networking: ffde5754883907f90f9f751e183eba4a75dc4b89
  RxCocoa: fcf32050ac00d801f34a7f71d5e8e7f23026dcd8
  RxRelay: 4f7409406a51a55cd88483f21ed898c234d60f18
  RxSwift: 8b0671caa829a763bbce7271095859121cbd895f

PODFILE CHECKSUM: c44a6ef4f32b97c6c63d9642beb10466903feae1

COCOAPODS: 1.7.5
