// !$*UTF8*$!
{
	archiveVersion = 1;
	classes = {
	};
	objectVersion = 51;
	objects = {

/* Begin PBXBuildFile section */
		CE229D552346F3E20023E62C /* MovieListPresenter.swift in Sources */ = {isa = PBXBuildFile; fileRef = CE229D542346F3E20023E62C /* MovieListPresenter.swift */; };
		CE229D572346F3EF0023E62C /* MovieListInteractor.swift in Sources */ = {isa = PBXBuildFile; fileRef = CE229D562346F3EF0023E62C /* MovieListInteractor.swift */; };
		CE229D592346F3F70023E62C /* MovieListRouter.swift in Sources */ = {isa = PBXBuildFile; fileRef = CE229D582346F3F70023E62C /* MovieListRouter.swift */; };
		CE229D5B2346F7300023E62C /* BaseInteractor.swift in Sources */ = {isa = PBXBuildFile; fileRef = CE229D5A2346F7300023E62C /* BaseInteractor.swift */; };
		CE229D5D2346F85C0023E62C /* BaseInteractorRepo.swift in Sources */ = {isa = PBXBuildFile; fileRef = CE229D5C2346F85C0023E62C /* BaseInteractorRepo.swift */; };
		CE229D5F2347163E0023E62C /* BasePresenter.swift in Sources */ = {isa = PBXBuildFile; fileRef = CE229D5E2347163D0023E62C /* BasePresenter.swift */; };
		CE229D6123471B570023E62C /* MovieDetailsPresenter.swift in Sources */ = {isa = PBXBuildFile; fileRef = CE229D6023471B570023E62C /* MovieDetailsPresenter.swift */; };
		CE229D6323471B640023E62C /* MovieDetailsInteractor.swift in Sources */ = {isa = PBXBuildFile; fileRef = CE229D6223471B640023E62C /* MovieDetailsInteractor.swift */; };
		CE229D6523471B720023E62C /* MovieDetailsRouter.swift in Sources */ = {isa = PBXBuildFile; fileRef = CE229D6423471B720023E62C /* MovieDetailsRouter.swift */; };
		CEBFD3042346EFB300EE52B6 /* LaunchScreen.storyboard in Resources */ = {isa = PBXBuildFile; fileRef = CEBFD2A52346EFB200EE52B6 /* LaunchScreen.storyboard */; };
		CEBFD3052346EFB300EE52B6 /* Movie.storyboard in Resources */ = {isa = PBXBuildFile; fileRef = CEBFD2A72346EFB200EE52B6 /* Movie.storyboard */; };
		CEBFD3062346EFB300EE52B6 /* GlobalViewFactory.swift in Sources */ = {isa = PBXBuildFile; fileRef = CEBFD2A92346EFB200EE52B6 /* GlobalViewFactory.swift */; };
		CEBFD3072346EFB300EE52B6 /* Assets.xcassets in Resources */ = {isa = PBXBuildFile; fileRef = CEBFD2AA2346EFB200EE52B6 /* Assets.xcassets */; };
		CEBFD3082346EFB300EE52B6 /* MovieListViewController.swift in Sources */ = {isa = PBXBuildFile; fileRef = CEBFD2AC2346EFB200EE52B6 /* MovieListViewController.swift */; };
		CEBFD3092346EFB300EE52B6 /* MovieDetailsViewController.swift in Sources */ = {isa = PBXBuildFile; fileRef = CEBFD2AD2346EFB200EE52B6 /* MovieDetailsViewController.swift */; };
		CEBFD30A2346EFB300EE52B6 /* WebViewController.swift in Sources */ = {isa = PBXBuildFile; fileRef = CEBFD2AE2346EFB200EE52B6 /* WebViewController.swift */; };
		CEBFD30B2346EFB300EE52B6 /* BaseVC.swift in Sources */ = {isa = PBXBuildFile; fileRef = CEBFD2B02346EFB200EE52B6 /* BaseVC.swift */; };
		CEBFD30C2346EFB300EE52B6 /* BaseTableViewController.swift in Sources */ = {isa = PBXBuildFile; fileRef = CEBFD2B12346EFB200EE52B6 /* BaseTableViewController.swift */; };
		CEBFD30D2346EFB300EE52B6 /* AppDelegate.swift in Sources */ = {isa = PBXBuildFile; fileRef = CEBFD2B22346EFB200EE52B6 /* AppDelegate.swift */; };
		CEBFD30F2346EFB300EE52B6 /* URLHelper.swift in Sources */ = {isa = PBXBuildFile; fileRef = CEBFD2B52346EFB200EE52B6 /* URLHelper.swift */; };
		CEBFD3102346EFB300EE52B6 /* NavigationControllerHelper.swift in Sources */ = {isa = PBXBuildFile; fileRef = CEBFD2B62346EFB200EE52B6 /* NavigationControllerHelper.swift */; };
		CEBFD3112346EFB300EE52B6 /* ColorHelper.swift in Sources */ = {isa = PBXBuildFile; fileRef = CEBFD2B72346EFB200EE52B6 /* ColorHelper.swift */; };
		CEBFD3122346EFB300EE52B6 /* TextFieldHelper.swift in Sources */ = {isa = PBXBuildFile; fileRef = CEBFD2B82346EFB200EE52B6 /* TextFieldHelper.swift */; };
		CEBFD3132346EFB300EE52B6 /* ViewHelper.swift in Sources */ = {isa = PBXBuildFile; fileRef = CEBFD2B92346EFB200EE52B6 /* ViewHelper.swift */; };
		CEBFD3142346EFB300EE52B6 /* ViewControllerHelper.swift in Sources */ = {isa = PBXBuildFile; fileRef = CEBFD2BA2346EFB200EE52B6 /* ViewControllerHelper.swift */; };
		CEBFD3152346EFB300EE52B6 /* ImageHelper.swift in Sources */ = {isa = PBXBuildFile; fileRef = CEBFD2BB2346EFB200EE52B6 /* ImageHelper.swift */; };
		CEBFD3162346EFB300EE52B6 /* ArrayHelper.swift in Sources */ = {isa = PBXBuildFile; fileRef = CEBFD2BC2346EFB200EE52B6 /* ArrayHelper.swift */; };
		CEBFD3172346EFB300EE52B6 /* UnicodeHelper.swift in Sources */ = {isa = PBXBuildFile; fileRef = CEBFD2BD2346EFB200EE52B6 /* UnicodeHelper.swift */; };
		CEBFD3182346EFB300EE52B6 /* DateHelper.swift in Sources */ = {isa = PBXBuildFile; fileRef = CEBFD2BE2346EFB200EE52B6 /* DateHelper.swift */; };
		CEBFD3192346EFB300EE52B6 /* ImageViewHelper.swift in Sources */ = {isa = PBXBuildFile; fileRef = CEBFD2BF2346EFB200EE52B6 /* ImageViewHelper.swift */; };
		CEBFD31A2346EFB300EE52B6 /* StringHelper.swift in Sources */ = {isa = PBXBuildFile; fileRef = CEBFD2C02346EFB200EE52B6 /* StringHelper.swift */; };
		CEBFD31B2346EFB300EE52B6 /* GlobalVCFactory.swift in Sources */ = {isa = PBXBuildFile; fileRef = CEBFD2C12346EFB300EE52B6 /* GlobalVCFactory.swift */; };
		CEBFD31E2346EFB300EE52B6 /* BaseVMRepo.swift in Sources */ = {isa = PBXBuildFile; fileRef = CEBFD2C62346EFB300EE52B6 /* BaseVMRepo.swift */; };
		CEBFD31F2346EFB300EE52B6 /* BaseVM.swift in Sources */ = {isa = PBXBuildFile; fileRef = CEBFD2C72346EFB300EE52B6 /* BaseVM.swift */; };
		CEBFD3202346EFB300EE52B6 /* ResponseArray.swift in Sources */ = {isa = PBXBuildFile; fileRef = CEBFD2C92346EFB300EE52B6 /* ResponseArray.swift */; };
		CEBFD3212346EFB300EE52B6 /* Language.swift in Sources */ = {isa = PBXBuildFile; fileRef = CEBFD2CA2346EFB300EE52B6 /* Language.swift */; };
		CEBFD3222346EFB300EE52B6 /* MovieCollection.swift in Sources */ = {isa = PBXBuildFile; fileRef = CEBFD2CB2346EFB300EE52B6 /* MovieCollection.swift */; };
		CEBFD3232346EFB300EE52B6 /* MovieDetails.swift in Sources */ = {isa = PBXBuildFile; fileRef = CEBFD2CC2346EFB300EE52B6 /* MovieDetails.swift */; };
		CEBFD3242346EFB300EE52B6 /* Genre.swift in Sources */ = {isa = PBXBuildFile; fileRef = CEBFD2CD2346EFB300EE52B6 /* Genre.swift */; };
		CEBFD3252346EFB300EE52B6 /* MovieDetailsPresenterProtocol.swift in Sources */ = {isa = PBXBuildFile; fileRef = CEBFD2CF2346EFB300EE52B6 /* MovieDetailsPresenterProtocol.swift */; };
		CEBFD3262346EFB300EE52B6 /* MovieListPresenterProtocol.swift in Sources */ = {isa = PBXBuildFile; fileRef = CEBFD2D02346EFB300EE52B6 /* MovieListPresenterProtocol.swift */; };
		CEBFD3272346EFB300EE52B6 /* MovieSorter.swift in Sources */ = {isa = PBXBuildFile; fileRef = CEBFD2D12346EFB300EE52B6 /* MovieSorter.swift */; };
		CEBFD3282346EFB300EE52B6 /* Company.swift in Sources */ = {isa = PBXBuildFile; fileRef = CEBFD2D22346EFB300EE52B6 /* Company.swift */; };
		CEBFD3292346EFB300EE52B6 /* GlobalCellFactory.swift in Sources */ = {isa = PBXBuildFile; fileRef = CEBFD2D32346EFB300EE52B6 /* GlobalCellFactory.swift */; };
		CEBFD32A2346EFB300EE52B6 /* GET-movie-now_playing.json in Resources */ = {isa = PBXBuildFile; fileRef = CEBFD2D52346EFB300EE52B6 /* GET-movie-now_playing.json */; };
		CEBFD32B2346EFB300EE52B6 /* GET-movie-429617-similar.json in Resources */ = {isa = PBXBuildFile; fileRef = CEBFD2D62346EFB300EE52B6 /* GET-movie-429617-similar.json */; };
		CEBFD32C2346EFB300EE52B6 /* GET-movie-429617.json in Resources */ = {isa = PBXBuildFile; fileRef = CEBFD2D72346EFB300EE52B6 /* GET-movie-429617.json */; };
		CEBFD32D2346EFB300EE52B6 /* GET-discover-movie.json in Resources */ = {isa = PBXBuildFile; fileRef = CEBFD2D82346EFB300EE52B6 /* GET-discover-movie.json */; };
		CEBFD32E2346EFB300EE52B6 /* GlobalConstant.swift in Sources */ = {isa = PBXBuildFile; fileRef = CEBFD2D92346EFB300EE52B6 /* GlobalConstant.swift */; };
		CEBFD32F2346EFB300EE52B6 /* SimilarCell.xib in Resources */ = {isa = PBXBuildFile; fileRef = CEBFD2DD2346EFB300EE52B6 /* SimilarCell.xib */; };
		CEBFD3302346EFB300EE52B6 /* LoaderCVCell.xib in Resources */ = {isa = PBXBuildFile; fileRef = CEBFD2DE2346EFB300EE52B6 /* LoaderCVCell.xib */; };
		CEBFD3312346EFB300EE52B6 /* PagesWebView.xib in Resources */ = {isa = PBXBuildFile; fileRef = CEBFD2DF2346EFB300EE52B6 /* PagesWebView.xib */; };
		CEBFD3322346EFB300EE52B6 /* LoaderView.xib in Resources */ = {isa = PBXBuildFile; fileRef = CEBFD2E02346EFB300EE52B6 /* LoaderView.xib */; };
		CEBFD3332346EFB300EE52B6 /* MovieHeaderCell.xib in Resources */ = {isa = PBXBuildFile; fileRef = CEBFD2E22346EFB300EE52B6 /* MovieHeaderCell.xib */; };
		CEBFD3342346EFB300EE52B6 /* MovieDetailsCell.xib in Resources */ = {isa = PBXBuildFile; fileRef = CEBFD2E32346EFB300EE52B6 /* MovieDetailsCell.xib */; };
		CEBFD3352346EFB300EE52B6 /* MoviePreviewCell.xib in Resources */ = {isa = PBXBuildFile; fileRef = CEBFD2E42346EFB300EE52B6 /* MoviePreviewCell.xib */; };
		CEBFD3362346EFB300EE52B6 /* MovieSimilarCell.xib in Resources */ = {isa = PBXBuildFile; fileRef = CEBFD2E52346EFB300EE52B6 /* MovieSimilarCell.xib */; };
		CEBFD3372346EFB300EE52B6 /* ErrorCell.xib in Resources */ = {isa = PBXBuildFile; fileRef = CEBFD2E62346EFB300EE52B6 /* ErrorCell.xib */; };
		CEBFD3382346EFB300EE52B6 /* LoaderCell.xib in Resources */ = {isa = PBXBuildFile; fileRef = CEBFD2E72346EFB300EE52B6 /* LoaderCell.xib */; };
		CEBFD3392346EFB300EE52B6 /* SectionHeaderView.xib in Resources */ = {isa = PBXBuildFile; fileRef = CEBFD2E82346EFB300EE52B6 /* SectionHeaderView.xib */; };
		CEBFD33A2346EFB300EE52B6 /* MovieSimilarCell.swift in Sources */ = {isa = PBXBuildFile; fileRef = CEBFD2EA2346EFB300EE52B6 /* MovieSimilarCell.swift */; };
		CEBFD33B2346EFB300EE52B6 /* SectionHeaderView.swift in Sources */ = {isa = PBXBuildFile; fileRef = CEBFD2EB2346EFB300EE52B6 /* SectionHeaderView.swift */; };
		CEBFD33C2346EFB300EE52B6 /* LoaderCell.swift in Sources */ = {isa = PBXBuildFile; fileRef = CEBFD2EC2346EFB300EE52B6 /* LoaderCell.swift */; };
		CEBFD33D2346EFB300EE52B6 /* MovieHeaderCell.swift in Sources */ = {isa = PBXBuildFile; fileRef = CEBFD2ED2346EFB300EE52B6 /* MovieHeaderCell.swift */; };
		CEBFD33E2346EFB300EE52B6 /* MoviePreviewCell.swift in Sources */ = {isa = PBXBuildFile; fileRef = CEBFD2EE2346EFB300EE52B6 /* MoviePreviewCell.swift */; };
		CEBFD33F2346EFB300EE52B6 /* WebView.swift in Sources */ = {isa = PBXBuildFile; fileRef = CEBFD2EF2346EFB300EE52B6 /* WebView.swift */; };
		CEBFD3402346EFB300EE52B6 /* SimilarCell.swift in Sources */ = {isa = PBXBuildFile; fileRef = CEBFD2F02346EFB300EE52B6 /* SimilarCell.swift */; };
		CEBFD3412346EFB300EE52B6 /* LoaderCVCell.swift in Sources */ = {isa = PBXBuildFile; fileRef = CEBFD2F12346EFB300EE52B6 /* LoaderCVCell.swift */; };
		CEBFD3422346EFB300EE52B6 /* LoaderView.swift in Sources */ = {isa = PBXBuildFile; fileRef = CEBFD2F22346EFB300EE52B6 /* LoaderView.swift */; };
		CEBFD3432346EFB300EE52B6 /* ErrorCell.swift in Sources */ = {isa = PBXBuildFile; fileRef = CEBFD2F32346EFB300EE52B6 /* ErrorCell.swift */; };
		CEBFD3442346EFB300EE52B6 /* WebViewModel.swift in Sources */ = {isa = PBXBuildFile; fileRef = CEBFD2F42346EFB300EE52B6 /* WebViewModel.swift */; };
		CEBFD3452346EFB300EE52B6 /* BaseLabel.swift in Sources */ = {isa = PBXBuildFile; fileRef = CEBFD2F62346EFB300EE52B6 /* BaseLabel.swift */; };
		CEBFD3462346EFB300EE52B6 /* BaseTableView.swift in Sources */ = {isa = PBXBuildFile; fileRef = CEBFD2F72346EFB300EE52B6 /* BaseTableView.swift */; };
		CEBFD3472346EFB300EE52B6 /* BaseCell.swift in Sources */ = {isa = PBXBuildFile; fileRef = CEBFD2F82346EFB300EE52B6 /* BaseCell.swift */; };
		CEBFD3482346EFB300EE52B6 /* BaseView.swift in Sources */ = {isa = PBXBuildFile; fileRef = CEBFD2F92346EFB300EE52B6 /* BaseView.swift */; };
		CEBFD3492346EFB300EE52B6 /* MovieDetailsCell.swift in Sources */ = {isa = PBXBuildFile; fileRef = CEBFD2FA2346EFB300EE52B6 /* MovieDetailsCell.swift */; };
		CEBFD34A2346EFB300EE52B6 /* Repository.swift in Sources */ = {isa = PBXBuildFile; fileRef = CEBFD2FD2346EFB300EE52B6 /* Repository.swift */; };
		CEBFD34B2346EFB300EE52B6 /* MovieRepository.swift in Sources */ = {isa = PBXBuildFile; fileRef = CEBFD2FE2346EFB300EE52B6 /* MovieRepository.swift */; };
		CEBFD34C2346EFB300EE52B6 /* Response.swift in Sources */ = {isa = PBXBuildFile; fileRef = CEBFD2FF2346EFB300EE52B6 /* Response.swift */; };
		CEBFD34D2346EFB300EE52B6 /* Request.swift in Sources */ = {isa = PBXBuildFile; fileRef = CEBFD3002346EFB300EE52B6 /* Request.swift */; };
		CEBFD34E2346EFB300EE52B6 /* API.swift in Sources */ = {isa = PBXBuildFile; fileRef = CEBFD3012346EFB300EE52B6 /* API.swift */; };
		CEBFD34F2346EFB300EE52B6 /* GlobalVMFactory.swift in Sources */ = {isa = PBXBuildFile; fileRef = CEBFD3022346EFB300EE52B6 /* GlobalVMFactory.swift */; };
		CEBFD3502346EFB300EE52B6 /* GlobalEnums.swift in Sources */ = {isa = PBXBuildFile; fileRef = CEBFD3032346EFB300EE52B6 /* GlobalEnums.swift */; };
		CEBFD3552346EFF000EE52B6 /* MovieDetailsTests.swift in Sources */ = {isa = PBXBuildFile; fileRef = CEBFD3512346EFEF00EE52B6 /* MovieDetailsTests.swift */; };
		CEBFD3562346EFF000EE52B6 /* Info.plist in Resources */ = {isa = PBXBuildFile; fileRef = CEBFD3522346EFEF00EE52B6 /* Info.plist */; };
		CEBFD3572346EFF000EE52B6 /* ViperMoviesTests.swift in Sources */ = {isa = PBXBuildFile; fileRef = CEBFD3532346EFEF00EE52B6 /* ViperMoviesTests.swift */; };
		CEBFD3582346EFF000EE52B6 /* MovieListTests.swift in Sources */ = {isa = PBXBuildFile; fileRef = CEBFD3542346EFEF00EE52B6 /* MovieListTests.swift */; };
		CEBFD35A2346F04B00EE52B6 /* Pods_ViperMovies.framework in Frameworks */ = {isa = PBXBuildFile; fileRef = CEBFD3592346F04B00EE52B6 /* Pods_ViperMovies.framework */; };
/* End PBXBuildFile section */

/* Begin PBXContainerItemProxy section */
		CEBFD2882346EE0600EE52B6 /* PBXContainerItemProxy */ = {
			isa = PBXContainerItemProxy;
			containerPortal = CEBFD26B2346EE0500EE52B6 /* Project object */;
			proxyType = 1;
			remoteGlobalIDString = CEBFD2722346EE0500EE52B6;
			remoteInfo = ViperMovies;
		};
/* End PBXContainerItemProxy section */

/* Begin PBXFileReference section */
		2594745346914B6B9E17D7BA /* Pods_ViperMovies.framework */ = {isa = PBXFileReference; explicitFileType = wrapper.framework; includeInIndex = 0; path = Pods_ViperMovies.framework; sourceTree = BUILT_PRODUCTS_DIR; };
		2B011EC701FC1EC53224DF26 /* Pods-ViperMovies.release.xcconfig */ = {isa = PBXFileReference; includeInIndex = 1; lastKnownFileType = text.xcconfig; name = "Pods-ViperMovies.release.xcconfig"; path = "Target Support Files/Pods-ViperMovies/Pods-ViperMovies.release.xcconfig"; sourceTree = "<group>"; };
		5D07878C58E68A4E39E22E33 /* Pods-ViperMovies.debug.xcconfig */ = {isa = PBXFileReference; includeInIndex = 1; lastKnownFileType = text.xcconfig; name = "Pods-ViperMovies.debug.xcconfig"; path = "Target Support Files/Pods-ViperMovies/Pods-ViperMovies.debug.xcconfig"; sourceTree = "<group>"; };
		CE229D542346F3E20023E62C /* MovieListPresenter.swift */ = {isa = PBXFileReference; lastKnownFileType = sourcecode.swift; path = MovieListPresenter.swift; sourceTree = "<group>"; };
		CE229D562346F3EF0023E62C /* MovieListInteractor.swift */ = {isa = PBXFileReference; lastKnownFileType = sourcecode.swift; path = MovieListInteractor.swift; sourceTree = "<group>"; };
		CE229D582346F3F70023E62C /* MovieListRouter.swift */ = {isa = PBXFileReference; lastKnownFileType = sourcecode.swift; path = MovieListRouter.swift; sourceTree = "<group>"; };
		CE229D5A2346F7300023E62C /* BaseInteractor.swift */ = {isa = PBXFileReference; lastKnownFileType = sourcecode.swift; path = BaseInteractor.swift; sourceTree = "<group>"; };
		CE229D5C2346F85C0023E62C /* BaseInteractorRepo.swift */ = {isa = PBXFileReference; lastKnownFileType = sourcecode.swift; path = BaseInteractorRepo.swift; sourceTree = "<group>"; };
		CE229D5E2347163D0023E62C /* BasePresenter.swift */ = {isa = PBXFileReference; lastKnownFileType = sourcecode.swift; path = BasePresenter.swift; sourceTree = "<group>"; };
		CE229D6023471B570023E62C /* MovieDetailsPresenter.swift */ = {isa = PBXFileReference; lastKnownFileType = sourcecode.swift; path = MovieDetailsPresenter.swift; sourceTree = "<group>"; };
		CE229D6223471B640023E62C /* MovieDetailsInteractor.swift */ = {isa = PBXFileReference; lastKnownFileType = sourcecode.swift; path = MovieDetailsInteractor.swift; sourceTree = "<group>"; };
		CE229D6423471B720023E62C /* MovieDetailsRouter.swift */ = {isa = PBXFileReference; lastKnownFileType = sourcecode.swift; path = MovieDetailsRouter.swift; sourceTree = "<group>"; };
		CEBFD2732346EE0500EE52B6 /* ViperMovies.app */ = {isa = PBXFileReference; explicitFileType = wrapper.application; includeInIndex = 0; path = ViperMovies.app; sourceTree = BUILT_PRODUCTS_DIR; };
		CEBFD2872346EE0600EE52B6 /* ViperMoviesTests.xctest */ = {isa = PBXFileReference; explicitFileType = wrapper.cfbundle; includeInIndex = 0; path = ViperMoviesTests.xctest; sourceTree = BUILT_PRODUCTS_DIR; };
		CEBFD2A62346EFB200EE52B6 /* Base */ = {isa = PBXFileReference; lastKnownFileType = file.storyboard; name = Base; path = Base.lproj/LaunchScreen.storyboard; sourceTree = "<group>"; };
		CEBFD2A82346EFB200EE52B6 /* Base */ = {isa = PBXFileReference; lastKnownFileType = file.storyboard; name = Base; path = Base.lproj/Movie.storyboard; sourceTree = "<group>"; };
		CEBFD2A92346EFB200EE52B6 /* GlobalViewFactory.swift */ = {isa = PBXFileReference; fileEncoding = 4; lastKnownFileType = sourcecode.swift; path = GlobalViewFactory.swift; sourceTree = "<group>"; };
		CEBFD2AA2346EFB200EE52B6 /* Assets.xcassets */ = {isa = PBXFileReference; lastKnownFileType = folder.assetcatalog; path = Assets.xcassets; sourceTree = "<group>"; };
		CEBFD2AC2346EFB200EE52B6 /* MovieListViewController.swift */ = {isa = PBXFileReference; fileEncoding = 4; lastKnownFileType = sourcecode.swift; path = MovieListViewController.swift; sourceTree = "<group>"; };
		CEBFD2AD2346EFB200EE52B6 /* MovieDetailsViewController.swift */ = {isa = PBXFileReference; fileEncoding = 4; lastKnownFileType = sourcecode.swift; path = MovieDetailsViewController.swift; sourceTree = "<group>"; };
		CEBFD2AE2346EFB200EE52B6 /* WebViewController.swift */ = {isa = PBXFileReference; fileEncoding = 4; lastKnownFileType = sourcecode.swift; path = WebViewController.swift; sourceTree = "<group>"; };
		CEBFD2B02346EFB200EE52B6 /* BaseVC.swift */ = {isa = PBXFileReference; fileEncoding = 4; lastKnownFileType = sourcecode.swift; path = BaseVC.swift; sourceTree = "<group>"; };
		CEBFD2B12346EFB200EE52B6 /* BaseTableViewController.swift */ = {isa = PBXFileReference; fileEncoding = 4; lastKnownFileType = sourcecode.swift; path = BaseTableViewController.swift; sourceTree = "<group>"; };
		CEBFD2B22346EFB200EE52B6 /* AppDelegate.swift */ = {isa = PBXFileReference; fileEncoding = 4; lastKnownFileType = sourcecode.swift; path = AppDelegate.swift; sourceTree = "<group>"; };
		CEBFD2B32346EFB200EE52B6 /* Info.plist */ = {isa = PBXFileReference; fileEncoding = 4; lastKnownFileType = text.plist.xml; path = Info.plist; sourceTree = "<group>"; };
		CEBFD2B52346EFB200EE52B6 /* URLHelper.swift */ = {isa = PBXFileReference; fileEncoding = 4; lastKnownFileType = sourcecode.swift; path = URLHelper.swift; sourceTree = "<group>"; };
		CEBFD2B62346EFB200EE52B6 /* NavigationControllerHelper.swift */ = {isa = PBXFileReference; fileEncoding = 4; lastKnownFileType = sourcecode.swift; path = NavigationControllerHelper.swift; sourceTree = "<group>"; };
		CEBFD2B72346EFB200EE52B6 /* ColorHelper.swift */ = {isa = PBXFileReference; fileEncoding = 4; lastKnownFileType = sourcecode.swift; path = ColorHelper.swift; sourceTree = "<group>"; };
		CEBFD2B82346EFB200EE52B6 /* TextFieldHelper.swift */ = {isa = PBXFileReference; fileEncoding = 4; lastKnownFileType = sourcecode.swift; path = TextFieldHelper.swift; sourceTree = "<group>"; };
		CEBFD2B92346EFB200EE52B6 /* ViewHelper.swift */ = {isa = PBXFileReference; fileEncoding = 4; lastKnownFileType = sourcecode.swift; path = ViewHelper.swift; sourceTree = "<group>"; };
		CEBFD2BA2346EFB200EE52B6 /* ViewControllerHelper.swift */ = {isa = PBXFileReference; fileEncoding = 4; lastKnownFileType = sourcecode.swift; path = ViewControllerHelper.swift; sourceTree = "<group>"; };
		CEBFD2BB2346EFB200EE52B6 /* ImageHelper.swift */ = {isa = PBXFileReference; fileEncoding = 4; lastKnownFileType = sourcecode.swift; path = ImageHelper.swift; sourceTree = "<group>"; };
		CEBFD2BC2346EFB200EE52B6 /* ArrayHelper.swift */ = {isa = PBXFileReference; fileEncoding = 4; lastKnownFileType = sourcecode.swift; path = ArrayHelper.swift; sourceTree = "<group>"; };
		CEBFD2BD2346EFB200EE52B6 /* UnicodeHelper.swift */ = {isa = PBXFileReference; fileEncoding = 4; lastKnownFileType = sourcecode.swift; path = UnicodeHelper.swift; sourceTree = "<group>"; };
		CEBFD2BE2346EFB200EE52B6 /* DateHelper.swift */ = {isa = PBXFileReference; fileEncoding = 4; lastKnownFileType = sourcecode.swift; path = DateHelper.swift; sourceTree = "<group>"; };
		CEBFD2BF2346EFB200EE52B6 /* ImageViewHelper.swift */ = {isa = PBXFileReference; fileEncoding = 4; lastKnownFileType = sourcecode.swift; path = ImageViewHelper.swift; sourceTree = "<group>"; };
		CEBFD2C02346EFB200EE52B6 /* StringHelper.swift */ = {isa = PBXFileReference; fileEncoding = 4; lastKnownFileType = sourcecode.swift; path = StringHelper.swift; sourceTree = "<group>"; };
		CEBFD2C12346EFB300EE52B6 /* GlobalVCFactory.swift */ = {isa = PBXFileReference; fileEncoding = 4; lastKnownFileType = sourcecode.swift; path = GlobalVCFactory.swift; sourceTree = "<group>"; };
		CEBFD2C62346EFB300EE52B6 /* BaseVMRepo.swift */ = {isa = PBXFileReference; fileEncoding = 4; lastKnownFileType = sourcecode.swift; path = BaseVMRepo.swift; sourceTree = "<group>"; };
		CEBFD2C72346EFB300EE52B6 /* BaseVM.swift */ = {isa = PBXFileReference; fileEncoding = 4; lastKnownFileType = sourcecode.swift; path = BaseVM.swift; sourceTree = "<group>"; };
		CEBFD2C92346EFB300EE52B6 /* ResponseArray.swift */ = {isa = PBXFileReference; fileEncoding = 4; lastKnownFileType = sourcecode.swift; path = ResponseArray.swift; sourceTree = "<group>"; };
		CEBFD2CA2346EFB300EE52B6 /* Language.swift */ = {isa = PBXFileReference; fileEncoding = 4; lastKnownFileType = sourcecode.swift; path = Language.swift; sourceTree = "<group>"; };
		CEBFD2CB2346EFB300EE52B6 /* MovieCollection.swift */ = {isa = PBXFileReference; fileEncoding = 4; lastKnownFileType = sourcecode.swift; path = MovieCollection.swift; sourceTree = "<group>"; };
		CEBFD2CC2346EFB300EE52B6 /* MovieDetails.swift */ = {isa = PBXFileReference; fileEncoding = 4; lastKnownFileType = sourcecode.swift; path = MovieDetails.swift; sourceTree = "<group>"; };
		CEBFD2CD2346EFB300EE52B6 /* Genre.swift */ = {isa = PBXFileReference; fileEncoding = 4; lastKnownFileType = sourcecode.swift; path = Genre.swift; sourceTree = "<group>"; };
		CEBFD2CF2346EFB300EE52B6 /* MovieDetailsPresenterProtocol.swift */ = {isa = PBXFileReference; fileEncoding = 4; lastKnownFileType = sourcecode.swift; path = MovieDetailsPresenterProtocol.swift; sourceTree = "<group>"; };
		CEBFD2D02346EFB300EE52B6 /* MovieListPresenterProtocol.swift */ = {isa = PBXFileReference; fileEncoding = 4; lastKnownFileType = sourcecode.swift; path = MovieListPresenterProtocol.swift; sourceTree = "<group>"; };
		CEBFD2D12346EFB300EE52B6 /* MovieSorter.swift */ = {isa = PBXFileReference; fileEncoding = 4; lastKnownFileType = sourcecode.swift; path = MovieSorter.swift; sourceTree = "<group>"; };
		CEBFD2D22346EFB300EE52B6 /* Company.swift */ = {isa = PBXFileReference; fileEncoding = 4; lastKnownFileType = sourcecode.swift; path = Company.swift; sourceTree = "<group>"; };
		CEBFD2D32346EFB300EE52B6 /* GlobalCellFactory.swift */ = {isa = PBXFileReference; fileEncoding = 4; lastKnownFileType = sourcecode.swift; path = GlobalCellFactory.swift; sourceTree = "<group>"; };
		CEBFD2D52346EFB300EE52B6 /* GET-movie-now_playing.json */ = {isa = PBXFileReference; fileEncoding = 4; lastKnownFileType = text.json; path = "GET-movie-now_playing.json"; sourceTree = "<group>"; };
		CEBFD2D62346EFB300EE52B6 /* GET-movie-429617-similar.json */ = {isa = PBXFileReference; fileEncoding = 4; lastKnownFileType = text.json; path = "GET-movie-429617-similar.json"; sourceTree = "<group>"; };
		CEBFD2D72346EFB300EE52B6 /* GET-movie-429617.json */ = {isa = PBXFileReference; fileEncoding = 4; lastKnownFileType = text.json; path = "GET-movie-429617.json"; sourceTree = "<group>"; };
		CEBFD2D82346EFB300EE52B6 /* GET-discover-movie.json */ = {isa = PBXFileReference; fileEncoding = 4; lastKnownFileType = text.json; path = "GET-discover-movie.json"; sourceTree = "<group>"; };
		CEBFD2D92346EFB300EE52B6 /* GlobalConstant.swift */ = {isa = PBXFileReference; fileEncoding = 4; lastKnownFileType = sourcecode.swift; path = GlobalConstant.swift; sourceTree = "<group>"; };
		CEBFD2DD2346EFB300EE52B6 /* SimilarCell.xib */ = {isa = PBXFileReference; fileEncoding = 4; lastKnownFileType = file.xib; path = SimilarCell.xib; sourceTree = "<group>"; };
		CEBFD2DE2346EFB300EE52B6 /* LoaderCVCell.xib */ = {isa = PBXFileReference; fileEncoding = 4; lastKnownFileType = file.xib; path = LoaderCVCell.xib; sourceTree = "<group>"; };
		CEBFD2DF2346EFB300EE52B6 /* PagesWebView.xib */ = {isa = PBXFileReference; fileEncoding = 4; lastKnownFileType = file.xib; path = PagesWebView.xib; sourceTree = "<group>"; };
		CEBFD2E02346EFB300EE52B6 /* LoaderView.xib */ = {isa = PBXFileReference; fileEncoding = 4; lastKnownFileType = file.xib; path = LoaderView.xib; sourceTree = "<group>"; };
		CEBFD2E22346EFB300EE52B6 /* MovieHeaderCell.xib */ = {isa = PBXFileReference; fileEncoding = 4; lastKnownFileType = file.xib; path = MovieHeaderCell.xib; sourceTree = "<group>"; };
		CEBFD2E32346EFB300EE52B6 /* MovieDetailsCell.xib */ = {isa = PBXFileReference; fileEncoding = 4; lastKnownFileType = file.xib; path = MovieDetailsCell.xib; sourceTree = "<group>"; };
		CEBFD2E42346EFB300EE52B6 /* MoviePreviewCell.xib */ = {isa = PBXFileReference; fileEncoding = 4; lastKnownFileType = file.xib; path = MoviePreviewCell.xib; sourceTree = "<group>"; };
		CEBFD2E52346EFB300EE52B6 /* MovieSimilarCell.xib */ = {isa = PBXFileReference; fileEncoding = 4; lastKnownFileType = file.xib; path = MovieSimilarCell.xib; sourceTree = "<group>"; };
		CEBFD2E62346EFB300EE52B6 /* ErrorCell.xib */ = {isa = PBXFileReference; fileEncoding = 4; lastKnownFileType = file.xib; path = ErrorCell.xib; sourceTree = "<group>"; };
		CEBFD2E72346EFB300EE52B6 /* LoaderCell.xib */ = {isa = PBXFileReference; fileEncoding = 4; lastKnownFileType = file.xib; path = LoaderCell.xib; sourceTree = "<group>"; };
		CEBFD2E82346EFB300EE52B6 /* SectionHeaderView.xib */ = {isa = PBXFileReference; fileEncoding = 4; lastKnownFileType = file.xib; path = SectionHeaderView.xib; sourceTree = "<group>"; };
		CEBFD2EA2346EFB300EE52B6 /* MovieSimilarCell.swift */ = {isa = PBXFileReference; fileEncoding = 4; lastKnownFileType = sourcecode.swift; path = MovieSimilarCell.swift; sourceTree = "<group>"; };
		CEBFD2EB2346EFB300EE52B6 /* SectionHeaderView.swift */ = {isa = PBXFileReference; fileEncoding = 4; lastKnownFileType = sourcecode.swift; path = SectionHeaderView.swift; sourceTree = "<group>"; };
		CEBFD2EC2346EFB300EE52B6 /* LoaderCell.swift */ = {isa = PBXFileReference; fileEncoding = 4; lastKnownFileType = sourcecode.swift; path = LoaderCell.swift; sourceTree = "<group>"; };
		CEBFD2ED2346EFB300EE52B6 /* MovieHeaderCell.swift */ = {isa = PBXFileReference; fileEncoding = 4; lastKnownFileType = sourcecode.swift; path = MovieHeaderCell.swift; sourceTree = "<group>"; };
		CEBFD2EE2346EFB300EE52B6 /* MoviePreviewCell.swift */ = {isa = PBXFileReference; fileEncoding = 4; lastKnownFileType = sourcecode.swift; path = MoviePreviewCell.swift; sourceTree = "<group>"; };
		CEBFD2EF2346EFB300EE52B6 /* WebView.swift */ = {isa = PBXFileReference; fileEncoding = 4; lastKnownFileType = sourcecode.swift; path = WebView.swift; sourceTree = "<group>"; };
		CEBFD2F02346EFB300EE52B6 /* SimilarCell.swift */ = {isa = PBXFileReference; fileEncoding = 4; lastKnownFileType = sourcecode.swift; path = SimilarCell.swift; sourceTree = "<group>"; };
		CEBFD2F12346EFB300EE52B6 /* LoaderCVCell.swift */ = {isa = PBXFileReference; fileEncoding = 4; lastKnownFileType = sourcecode.swift; path = LoaderCVCell.swift; sourceTree = "<group>"; };
		CEBFD2F22346EFB300EE52B6 /* LoaderView.swift */ = {isa = PBXFileReference; fileEncoding = 4; lastKnownFileType = sourcecode.swift; path = LoaderView.swift; sourceTree = "<group>"; };
		CEBFD2F32346EFB300EE52B6 /* ErrorCell.swift */ = {isa = PBXFileReference; fileEncoding = 4; lastKnownFileType = sourcecode.swift; path = ErrorCell.swift; sourceTree = "<group>"; };
		CEBFD2F42346EFB300EE52B6 /* WebViewModel.swift */ = {isa = PBXFileReference; fileEncoding = 4; lastKnownFileType = sourcecode.swift; path = WebViewModel.swift; sourceTree = "<group>"; };
		CEBFD2F62346EFB300EE52B6 /* BaseLabel.swift */ = {isa = PBXFileReference; fileEncoding = 4; lastKnownFileType = sourcecode.swift; path = BaseLabel.swift; sourceTree = "<group>"; };
		CEBFD2F72346EFB300EE52B6 /* BaseTableView.swift */ = {isa = PBXFileReference; fileEncoding = 4; lastKnownFileType = sourcecode.swift; path = BaseTableView.swift; sourceTree = "<group>"; };
		CEBFD2F82346EFB300EE52B6 /* BaseCell.swift */ = {isa = PBXFileReference; fileEncoding = 4; lastKnownFileType = sourcecode.swift; path = BaseCell.swift; sourceTree = "<group>"; };
		CEBFD2F92346EFB300EE52B6 /* BaseView.swift */ = {isa = PBXFileReference; fileEncoding = 4; lastKnownFileType = sourcecode.swift; path = BaseView.swift; sourceTree = "<group>"; };
		CEBFD2FA2346EFB300EE52B6 /* MovieDetailsCell.swift */ = {isa = PBXFileReference; fileEncoding = 4; lastKnownFileType = sourcecode.swift; path = MovieDetailsCell.swift; sourceTree = "<group>"; };
		CEBFD2FD2346EFB300EE52B6 /* Repository.swift */ = {isa = PBXFileReference; fileEncoding = 4; lastKnownFileType = sourcecode.swift; path = Repository.swift; sourceTree = "<group>"; };
		CEBFD2FE2346EFB300EE52B6 /* MovieRepository.swift */ = {isa = PBXFileReference; fileEncoding = 4; lastKnownFileType = sourcecode.swift; path = MovieRepository.swift; sourceTree = "<group>"; };
		CEBFD2FF2346EFB300EE52B6 /* Response.swift */ = {isa = PBXFileReference; fileEncoding = 4; lastKnownFileType = sourcecode.swift; path = Response.swift; sourceTree = "<group>"; };
		CEBFD3002346EFB300EE52B6 /* Request.swift */ = {isa = PBXFileReference; fileEncoding = 4; lastKnownFileType = sourcecode.swift; path = Request.swift; sourceTree = "<group>"; };
		CEBFD3012346EFB300EE52B6 /* API.swift */ = {isa = PBXFileReference; fileEncoding = 4; lastKnownFileType = sourcecode.swift; path = API.swift; sourceTree = "<group>"; };
		CEBFD3022346EFB300EE52B6 /* GlobalVMFactory.swift */ = {isa = PBXFileReference; fileEncoding = 4; lastKnownFileType = sourcecode.swift; path = GlobalVMFactory.swift; sourceTree = "<group>"; };
		CEBFD3032346EFB300EE52B6 /* GlobalEnums.swift */ = {isa = PBXFileReference; fileEncoding = 4; lastKnownFileType = sourcecode.swift; path = GlobalEnums.swift; sourceTree = "<group>"; };
		CEBFD3512346EFEF00EE52B6 /* MovieDetailsTests.swift */ = {isa = PBXFileReference; fileEncoding = 4; lastKnownFileType = sourcecode.swift; path = MovieDetailsTests.swift; sourceTree = "<group>"; };
		CEBFD3522346EFEF00EE52B6 /* Info.plist */ = {isa = PBXFileReference; fileEncoding = 4; lastKnownFileType = text.plist.xml; path = Info.plist; sourceTree = "<group>"; };
		CEBFD3532346EFEF00EE52B6 /* ViperMoviesTests.swift */ = {isa = PBXFileReference; fileEncoding = 4; lastKnownFileType = sourcecode.swift; path = ViperMoviesTests.swift; sourceTree = "<group>"; };
		CEBFD3542346EFEF00EE52B6 /* MovieListTests.swift */ = {isa = PBXFileReference; fileEncoding = 4; lastKnownFileType = sourcecode.swift; path = MovieListTests.swift; sourceTree = "<group>"; };
		CEBFD3592346F04B00EE52B6 /* Pods_ViperMovies.framework */ = {isa = PBXFileReference; explicitFileType = wrapper.framework; path = Pods_ViperMovies.framework; sourceTree = BUILT_PRODUCTS_DIR; };
/* End PBXFileReference section */

/* Begin PBXFrameworksBuildPhase section */
		CEBFD2702346EE0500EE52B6 /* Frameworks */ = {
			isa = PBXFrameworksBuildPhase;
			buildActionMask = 2147483647;
			files = (
				CEBFD35A2346F04B00EE52B6 /* Pods_ViperMovies.framework in Frameworks */,
			);
			runOnlyForDeploymentPostprocessing = 0;
		};
		CEBFD2842346EE0600EE52B6 /* Frameworks */ = {
			isa = PBXFrameworksBuildPhase;
			buildActionMask = 2147483647;
			files = (
			);
			runOnlyForDeploymentPostprocessing = 0;
		};
/* End PBXFrameworksBuildPhase section */

/* Begin PBXGroup section */
		7C74B6EBA23E5D8803AD257D /* Frameworks */ = {
			isa = PBXGroup;
			children = (
				CEBFD3592346F04B00EE52B6 /* Pods_ViperMovies.framework */,
				2594745346914B6B9E17D7BA /* Pods_ViperMovies.framework */,
			);
			name = Frameworks;
			sourceTree = "<group>";
		};
		CE229D502346F2DD0023E62C /* Modules */ = {
			isa = PBXGroup;
			children = (
				CEBFD2AF2346EFB200EE52B6 /* Base */,
				CE229D532346F3030023E62C /* MovieBook */,
				CE229D522346F2ED0023E62C /* MovieDetails */,
				CE229D512346F2E80023E62C /* MovieList */,
			);
			path = Modules;
			sourceTree = "<group>";
		};
		CE229D512346F2E80023E62C /* MovieList */ = {
			isa = PBXGroup;
			children = (
				CEBFD2AC2346EFB200EE52B6 /* MovieListViewController.swift */,
				CE229D542346F3E20023E62C /* MovieListPresenter.swift */,
				CE229D562346F3EF0023E62C /* MovieListInteractor.swift */,
				CE229D582346F3F70023E62C /* MovieListRouter.swift */,
			);
			path = MovieList;
			sourceTree = "<group>";
		};
		CE229D522346F2ED0023E62C /* MovieDetails */ = {
			isa = PBXGroup;
			children = (
				CEBFD2AD2346EFB200EE52B6 /* MovieDetailsViewController.swift */,
				CE229D6023471B570023E62C /* MovieDetailsPresenter.swift */,
				CE229D6223471B640023E62C /* MovieDetailsInteractor.swift */,
				CE229D6423471B720023E62C /* MovieDetailsRouter.swift */,
			);
			path = MovieDetails;
			sourceTree = "<group>";
		};
		CE229D532346F3030023E62C /* MovieBook */ = {
			isa = PBXGroup;
			children = (
				CEBFD2AE2346EFB200EE52B6 /* WebViewController.swift */,
			);
			path = MovieBook;
			sourceTree = "<group>";
		};
		CEBFD26A2346EE0500EE52B6 = {
			isa = PBXGroup;
			children = (
				CEBFD2752346EE0500EE52B6 /* ViperMovies */,
				CEBFD28A2346EE0600EE52B6 /* ViperMoviesTests */,
				CEBFD2742346EE0500EE52B6 /* Products */,
				D9C2A495DC738638864109B3 /* Pods */,
				7C74B6EBA23E5D8803AD257D /* Frameworks */,
			);
			sourceTree = "<group>";
		};
		CEBFD2742346EE0500EE52B6 /* Products */ = {
			isa = PBXGroup;
			children = (
				CEBFD2732346EE0500EE52B6 /* ViperMovies.app */,
				CEBFD2872346EE0600EE52B6 /* ViperMoviesTests.xctest */,
			);
			name = Products;
			sourceTree = "<group>";
		};
		CEBFD2752346EE0500EE52B6 /* ViperMovies */ = {
			isa = PBXGroup;
			children = (
				CEBFD2B22346EFB200EE52B6 /* AppDelegate.swift */,
				CEBFD2AA2346EFB200EE52B6 /* Assets.xcassets */,
				CEBFD2D32346EFB300EE52B6 /* GlobalCellFactory.swift */,
				CEBFD2D92346EFB300EE52B6 /* GlobalConstant.swift */,
				CEBFD3032346EFB300EE52B6 /* GlobalEnums.swift */,
				CEBFD2C12346EFB300EE52B6 /* GlobalVCFactory.swift */,
				CEBFD2A92346EFB200EE52B6 /* GlobalViewFactory.swift */,
				CEBFD3022346EFB300EE52B6 /* GlobalVMFactory.swift */,
				CEBFD2B42346EFB200EE52B6 /* Helpers */,
				CEBFD2B32346EFB200EE52B6 /* Info.plist */,
				CEBFD2D42346EFB300EE52B6 /* Mocking */,
				CEBFD2C82346EFB300EE52B6 /* Model */,
				CEBFD2FB2346EFB300EE52B6 /* Networking */,
				CEBFD2A42346EFB200EE52B6 /* Storyboards */,
				CE229D502346F2DD0023E62C /* Modules */,
				CEBFD2DA2346EFB300EE52B6 /* Subviews */,
			);
			path = ViperMovies;
			sourceTree = "<group>";
		};
		CEBFD28A2346EE0600EE52B6 /* ViperMoviesTests */ = {
			isa = PBXGroup;
			children = (
				CEBFD3522346EFEF00EE52B6 /* Info.plist */,
				CEBFD3512346EFEF00EE52B6 /* MovieDetailsTests.swift */,
				CEBFD3542346EFEF00EE52B6 /* MovieListTests.swift */,
				CEBFD3532346EFEF00EE52B6 /* ViperMoviesTests.swift */,
			);
			path = ViperMoviesTests;
			sourceTree = "<group>";
		};
		CEBFD2A42346EFB200EE52B6 /* Storyboards */ = {
			isa = PBXGroup;
			children = (
				CEBFD2A52346EFB200EE52B6 /* LaunchScreen.storyboard */,
				CEBFD2A72346EFB200EE52B6 /* Movie.storyboard */,
			);
			path = Storyboards;
			sourceTree = "<group>";
		};
		CEBFD2AF2346EFB200EE52B6 /* Base */ = {
			isa = PBXGroup;
			children = (
				CEBFD2C62346EFB300EE52B6 /* BaseVMRepo.swift */,
				CEBFD2C72346EFB300EE52B6 /* BaseVM.swift */,
				CEBFD2B02346EFB200EE52B6 /* BaseVC.swift */,
				CEBFD2B12346EFB200EE52B6 /* BaseTableViewController.swift */,
				CE229D5A2346F7300023E62C /* BaseInteractor.swift */,
				CE229D5C2346F85C0023E62C /* BaseInteractorRepo.swift */,
				CE229D5E2347163D0023E62C /* BasePresenter.swift */,
			);
			path = Base;
			sourceTree = "<group>";
		};
		CEBFD2B42346EFB200EE52B6 /* Helpers */ = {
			isa = PBXGroup;
			children = (
				CEBFD2B52346EFB200EE52B6 /* URLHelper.swift */,
				CEBFD2B62346EFB200EE52B6 /* NavigationControllerHelper.swift */,
				CEBFD2B72346EFB200EE52B6 /* ColorHelper.swift */,
				CEBFD2B82346EFB200EE52B6 /* TextFieldHelper.swift */,
				CEBFD2B92346EFB200EE52B6 /* ViewHelper.swift */,
				CEBFD2BA2346EFB200EE52B6 /* ViewControllerHelper.swift */,
				CEBFD2BB2346EFB200EE52B6 /* ImageHelper.swift */,
				CEBFD2BC2346EFB200EE52B6 /* ArrayHelper.swift */,
				CEBFD2BD2346EFB200EE52B6 /* UnicodeHelper.swift */,
				CEBFD2BE2346EFB200EE52B6 /* DateHelper.swift */,
				CEBFD2BF2346EFB200EE52B6 /* ImageViewHelper.swift */,
				CEBFD2C02346EFB200EE52B6 /* StringHelper.swift */,
			);
			path = Helpers;
			sourceTree = "<group>";
		};
		CEBFD2C82346EFB300EE52B6 /* Model */ = {
			isa = PBXGroup;
			children = (
				CEBFD2C92346EFB300EE52B6 /* ResponseArray.swift */,
				CEBFD2CA2346EFB300EE52B6 /* Language.swift */,
				CEBFD2CB2346EFB300EE52B6 /* MovieCollection.swift */,
				CEBFD2CC2346EFB300EE52B6 /* MovieDetails.swift */,
				CEBFD2CD2346EFB300EE52B6 /* Genre.swift */,
				CEBFD2CE2346EFB300EE52B6 /* ProtocolPresenters */,
				CEBFD2D12346EFB300EE52B6 /* MovieSorter.swift */,
				CEBFD2D22346EFB300EE52B6 /* Company.swift */,
			);
			path = Model;
			sourceTree = "<group>";
		};
		CEBFD2CE2346EFB300EE52B6 /* ProtocolPresenters */ = {
			isa = PBXGroup;
			children = (
				CEBFD2CF2346EFB300EE52B6 /* MovieDetailsPresenterProtocol.swift */,
				CEBFD2D02346EFB300EE52B6 /* MovieListPresenterProtocol.swift */,
			);
			path = ProtocolPresenters;
			sourceTree = "<group>";
		};
		CEBFD2D42346EFB300EE52B6 /* Mocking */ = {
			isa = PBXGroup;
			children = (
				CEBFD2D52346EFB300EE52B6 /* GET-movie-now_playing.json */,
				CEBFD2D62346EFB300EE52B6 /* GET-movie-429617-similar.json */,
				CEBFD2D72346EFB300EE52B6 /* GET-movie-429617.json */,
				CEBFD2D82346EFB300EE52B6 /* GET-discover-movie.json */,
			);
			path = Mocking;
			sourceTree = "<group>";
		};
		CEBFD2DA2346EFB300EE52B6 /* Subviews */ = {
			isa = PBXGroup;
			children = (
				CEBFD2DB2346EFB300EE52B6 /* XIBs */,
				CEBFD2E92346EFB300EE52B6 /* Class */,
			);
			path = Subviews;
			sourceTree = "<group>";
		};
		CEBFD2DB2346EFB300EE52B6 /* XIBs */ = {
			isa = PBXGroup;
			children = (
				CEBFD2DC2346EFB300EE52B6 /* CollectionviewCell */,
				CEBFD2DF2346EFB300EE52B6 /* PagesWebView.xib */,
				CEBFD2E02346EFB300EE52B6 /* LoaderView.xib */,
				CEBFD2E12346EFB300EE52B6 /* TableviewCell */,
			);
			path = XIBs;
			sourceTree = "<group>";
		};
		CEBFD2DC2346EFB300EE52B6 /* CollectionviewCell */ = {
			isa = PBXGroup;
			children = (
				CEBFD2DD2346EFB300EE52B6 /* SimilarCell.xib */,
				CEBFD2DE2346EFB300EE52B6 /* LoaderCVCell.xib */,
			);
			path = CollectionviewCell;
			sourceTree = "<group>";
		};
		CEBFD2E12346EFB300EE52B6 /* TableviewCell */ = {
			isa = PBXGroup;
			children = (
				CEBFD2E22346EFB300EE52B6 /* MovieHeaderCell.xib */,
				CEBFD2E32346EFB300EE52B6 /* MovieDetailsCell.xib */,
				CEBFD2E42346EFB300EE52B6 /* MoviePreviewCell.xib */,
				CEBFD2E52346EFB300EE52B6 /* MovieSimilarCell.xib */,
				CEBFD2E62346EFB300EE52B6 /* ErrorCell.xib */,
				CEBFD2E72346EFB300EE52B6 /* LoaderCell.xib */,
				CEBFD2E82346EFB300EE52B6 /* SectionHeaderView.xib */,
			);
			path = TableviewCell;
			sourceTree = "<group>";
		};
		CEBFD2E92346EFB300EE52B6 /* Class */ = {
			isa = PBXGroup;
			children = (
				CEBFD2EA2346EFB300EE52B6 /* MovieSimilarCell.swift */,
				CEBFD2EB2346EFB300EE52B6 /* SectionHeaderView.swift */,
				CEBFD2EC2346EFB300EE52B6 /* LoaderCell.swift */,
				CEBFD2ED2346EFB300EE52B6 /* MovieHeaderCell.swift */,
				CEBFD2EE2346EFB300EE52B6 /* MoviePreviewCell.swift */,
				CEBFD2EF2346EFB300EE52B6 /* WebView.swift */,
				CEBFD2F02346EFB300EE52B6 /* SimilarCell.swift */,
				CEBFD2F12346EFB300EE52B6 /* LoaderCVCell.swift */,
				CEBFD2F22346EFB300EE52B6 /* LoaderView.swift */,
				CEBFD2F32346EFB300EE52B6 /* ErrorCell.swift */,
				CEBFD2F42346EFB300EE52B6 /* WebViewModel.swift */,
				CEBFD2F52346EFB300EE52B6 /* Base */,
				CEBFD2FA2346EFB300EE52B6 /* MovieDetailsCell.swift */,
			);
			path = Class;
			sourceTree = "<group>";
		};
		CEBFD2F52346EFB300EE52B6 /* Base */ = {
			isa = PBXGroup;
			children = (
				CEBFD2F62346EFB300EE52B6 /* BaseLabel.swift */,
				CEBFD2F72346EFB300EE52B6 /* BaseTableView.swift */,
				CEBFD2F82346EFB300EE52B6 /* BaseCell.swift */,
				CEBFD2F92346EFB300EE52B6 /* BaseView.swift */,
			);
			path = Base;
			sourceTree = "<group>";
		};
		CEBFD2FB2346EFB300EE52B6 /* Networking */ = {
			isa = PBXGroup;
			children = (
				CEBFD2FC2346EFB300EE52B6 /* Repositories */,
				CEBFD2FF2346EFB300EE52B6 /* Response.swift */,
				CEBFD3002346EFB300EE52B6 /* Request.swift */,
				CEBFD3012346EFB300EE52B6 /* API.swift */,
			);
			path = Networking;
			sourceTree = "<group>";
		};
		CEBFD2FC2346EFB300EE52B6 /* Repositories */ = {
			isa = PBXGroup;
			children = (
				CEBFD2FD2346EFB300EE52B6 /* Repository.swift */,
				CEBFD2FE2346EFB300EE52B6 /* MovieRepository.swift */,
			);
			path = Repositories;
			sourceTree = "<group>";
		};
		D9C2A495DC738638864109B3 /* Pods */ = {
			isa = PBXGroup;
			children = (
				5D07878C58E68A4E39E22E33 /* Pods-ViperMovies.debug.xcconfig */,
				2B011EC701FC1EC53224DF26 /* Pods-ViperMovies.release.xcconfig */,
			);
			path = Pods;
			sourceTree = "<group>";
		};
/* End PBXGroup section */

/* Begin PBXNativeTarget section */
		CEBFD2722346EE0500EE52B6 /* ViperMovies */ = {
			isa = PBXNativeTarget;
			buildConfigurationList = CEBFD2902346EE0600EE52B6 /* Build configuration list for PBXNativeTarget "ViperMovies" */;
			buildPhases = (
				F2C13B3234D8785C1CBDB07B /* [CP] Check Pods Manifest.lock */,
				CEBFD26F2346EE0500EE52B6 /* Sources */,
				CEBFD2702346EE0500EE52B6 /* Frameworks */,
				CEBFD2712346EE0500EE52B6 /* Resources */,
				F1076E830919DF28E23B70BA /* [CP] Embed Pods Frameworks */,
			);
			buildRules = (
			);
			dependencies = (
			);
			name = ViperMovies;
			productName = ViperMovies;
			productReference = CEBFD2732346EE0500EE52B6 /* ViperMovies.app */;
			productType = "com.apple.product-type.application";
		};
		CEBFD2862346EE0600EE52B6 /* ViperMoviesTests */ = {
			isa = PBXNativeTarget;
			buildConfigurationList = CEBFD2932346EE0600EE52B6 /* Build configuration list for PBXNativeTarget "ViperMoviesTests" */;
			buildPhases = (
				CEBFD2832346EE0600EE52B6 /* Sources */,
				CEBFD2842346EE0600EE52B6 /* Frameworks */,
				CEBFD2852346EE0600EE52B6 /* Resources */,
			);
			buildRules = (
			);
			dependencies = (
				CEBFD2892346EE0600EE52B6 /* PBXTargetDependency */,
			);
			name = ViperMoviesTests;
			productName = ViperMoviesTests;
			productReference = CEBFD2872346EE0600EE52B6 /* ViperMoviesTests.xctest */;
			productType = "com.apple.product-type.bundle.unit-test";
		};
/* End PBXNativeTarget section */

/* Begin PBXProject section */
		CEBFD26B2346EE0500EE52B6 /* Project object */ = {
			isa = PBXProject;
			attributes = {
				LastSwiftUpdateCheck = 1030;
				LastUpgradeCheck = 1030;
				ORGANIZATIONNAME = gojek;
				TargetAttributes = {
					CEBFD2722346EE0500EE52B6 = {
						CreatedOnToolsVersion = 10.3;
						LastSwiftMigration = 1030;
					};
					CEBFD2862346EE0600EE52B6 = {
						CreatedOnToolsVersion = 10.3;
						LastSwiftMigration = 1030;
						TestTargetID = CEBFD2722346EE0500EE52B6;
					};
				};
			};
			buildConfigurationList = CEBFD26E2346EE0500EE52B6 /* Build configuration list for PBXProject "ViperMovies" */;
			compatibilityVersion = "Xcode 9.3";
			developmentRegion = en;
			hasScannedForEncodings = 0;
			knownRegions = (
				en,
				Base,
			);
			mainGroup = CEBFD26A2346EE0500EE52B6;
			productRefGroup = CEBFD2742346EE0500EE52B6 /* Products */;
			projectDirPath = "";
			projectRoot = "";
			targets = (
				CEBFD2722346EE0500EE52B6 /* ViperMovies */,
				CEBFD2862346EE0600EE52B6 /* ViperMoviesTests */,
			);
		};
/* End PBXProject section */

/* Begin PBXResourcesBuildPhase section */
		CEBFD2712346EE0500EE52B6 /* Resources */ = {
			isa = PBXResourcesBuildPhase;
			buildActionMask = 2147483647;
			files = (
				CEBFD32F2346EFB300EE52B6 /* SimilarCell.xib in Resources */,
				CEBFD3372346EFB300EE52B6 /* ErrorCell.xib in Resources */,
				CEBFD3382346EFB300EE52B6 /* LoaderCell.xib in Resources */,
				CEBFD3332346EFB300EE52B6 /* MovieHeaderCell.xib in Resources */,
				CEBFD3322346EFB300EE52B6 /* LoaderView.xib in Resources */,
				CEBFD3342346EFB300EE52B6 /* MovieDetailsCell.xib in Resources */,
				CEBFD3352346EFB300EE52B6 /* MoviePreviewCell.xib in Resources */,
				CEBFD3302346EFB300EE52B6 /* LoaderCVCell.xib in Resources */,
				CEBFD3392346EFB300EE52B6 /* SectionHeaderView.xib in Resources */,
				CEBFD3362346EFB300EE52B6 /* MovieSimilarCell.xib in Resources */,
				CEBFD32D2346EFB300EE52B6 /* GET-discover-movie.json in Resources */,
				CEBFD32A2346EFB300EE52B6 /* GET-movie-now_playing.json in Resources */,
				CEBFD3042346EFB300EE52B6 /* LaunchScreen.storyboard in Resources */,
				CEBFD3312346EFB300EE52B6 /* PagesWebView.xib in Resources */,
				CEBFD3072346EFB300EE52B6 /* Assets.xcassets in Resources */,
				CEBFD32C2346EFB300EE52B6 /* GET-movie-429617.json in Resources */,
				CEBFD32B2346EFB300EE52B6 /* GET-movie-429617-similar.json in Resources */,
				CEBFD3052346EFB300EE52B6 /* Movie.storyboard in Resources */,
			);
			runOnlyForDeploymentPostprocessing = 0;
		};
		CEBFD2852346EE0600EE52B6 /* Resources */ = {
			isa = PBXResourcesBuildPhase;
			buildActionMask = 2147483647;
			files = (
				CEBFD3562346EFF000EE52B6 /* Info.plist in Resources */,
			);
			runOnlyForDeploymentPostprocessing = 0;
		};
/* End PBXResourcesBuildPhase section */

/* Begin PBXShellScriptBuildPhase section */
		F1076E830919DF28E23B70BA /* [CP] Embed Pods Frameworks */ = {
			isa = PBXShellScriptBuildPhase;
			buildActionMask = 2147483647;
			files = (
			);
			inputFileListPaths = (
				"${PODS_ROOT}/Target Support Files/Pods-ViperMovies/Pods-ViperMovies-frameworks-${CONFIGURATION}-input-files.xcfilelist",
			);
			name = "[CP] Embed Pods Frameworks";
			outputFileListPaths = (
				"${PODS_ROOT}/Target Support Files/Pods-ViperMovies/Pods-ViperMovies-frameworks-${CONFIGURATION}-output-files.xcfilelist",
			);
			runOnlyForDeploymentPostprocessing = 0;
			shellPath = /bin/sh;
			shellScript = "\"${PODS_ROOT}/Target Support Files/Pods-ViperMovies/Pods-ViperMovies-frameworks.sh\"\n";
			showEnvVarsInLog = 0;
		};
		F2C13B3234D8785C1CBDB07B /* [CP] Check Pods Manifest.lock */ = {
			isa = PBXShellScriptBuildPhase;
			buildActionMask = 2147483647;
			files = (
			);
			inputFileListPaths = (
			);
			inputPaths = (
				"${PODS_PODFILE_DIR_PATH}/Podfile.lock",
				"${PODS_ROOT}/Manifest.lock",
			);
			name = "[CP] Check Pods Manifest.lock";
			outputFileListPaths = (
			);
			outputPaths = (
				"$(DERIVED_FILE_DIR)/Pods-ViperMovies-checkManifestLockResult.txt",
			);
			runOnlyForDeploymentPostprocessing = 0;
			shellPath = /bin/sh;
			shellScript = "diff \"${PODS_PODFILE_DIR_PATH}/Podfile.lock\" \"${PODS_ROOT}/Manifest.lock\" > /dev/null\nif [ $? != 0 ] ; then\n    # print error to STDERR\n    echo \"error: The sandbox is not in sync with the Podfile.lock. Run 'pod install' or update your CocoaPods installation.\" >&2\n    exit 1\nfi\n# This output is used by Xcode 'outputs' to avoid re-running this script phase.\necho \"SUCCESS\" > \"${SCRIPT_OUTPUT_FILE_0}\"\n";
			showEnvVarsInLog = 0;
		};
/* End PBXShellScriptBuildPhase section */

/* Begin PBXSourcesBuildPhase section */
		CEBFD26F2346EE0500EE52B6 /* Sources */ = {
			isa = PBXSourcesBuildPhase;
			buildActionMask = 2147483647;
			files = (
				CEBFD30C2346EFB300EE52B6 /* BaseTableViewController.swift in Sources */,
				CEBFD3422346EFB300EE52B6 /* LoaderView.swift in Sources */,
				CEBFD31A2346EFB300EE52B6 /* StringHelper.swift in Sources */,
				CEBFD34A2346EFB300EE52B6 /* Repository.swift in Sources */,
				CEBFD3112346EFB300EE52B6 /* ColorHelper.swift in Sources */,
				CEBFD3062346EFB300EE52B6 /* GlobalViewFactory.swift in Sources */,
				CEBFD34E2346EFB300EE52B6 /* API.swift in Sources */,
				CE229D572346F3EF0023E62C /* MovieListInteractor.swift in Sources */,
				CEBFD3102346EFB300EE52B6 /* NavigationControllerHelper.swift in Sources */,
				CEBFD3192346EFB300EE52B6 /* ImageViewHelper.swift in Sources */,
				CEBFD3082346EFB300EE52B6 /* MovieListViewController.swift in Sources */,
				CEBFD3262346EFB300EE52B6 /* MovieListPresenterProtocol.swift in Sources */,
				CEBFD3172346EFB300EE52B6 /* UnicodeHelper.swift in Sources */,
				CEBFD3092346EFB300EE52B6 /* MovieDetailsViewController.swift in Sources */,
				CEBFD34B2346EFB300EE52B6 /* MovieRepository.swift in Sources */,
				CEBFD33C2346EFB300EE52B6 /* LoaderCell.swift in Sources */,
				CEBFD3402346EFB300EE52B6 /* SimilarCell.swift in Sources */,
				CEBFD3202346EFB300EE52B6 /* ResponseArray.swift in Sources */,
				CEBFD3272346EFB300EE52B6 /* MovieSorter.swift in Sources */,
				CEBFD3442346EFB300EE52B6 /* WebViewModel.swift in Sources */,
				CEBFD3242346EFB300EE52B6 /* Genre.swift in Sources */,
				CEBFD30D2346EFB300EE52B6 /* AppDelegate.swift in Sources */,
				CEBFD30F2346EFB300EE52B6 /* URLHelper.swift in Sources */,
				CEBFD3182346EFB300EE52B6 /* DateHelper.swift in Sources */,
				CE229D6323471B640023E62C /* MovieDetailsInteractor.swift in Sources */,
				CEBFD32E2346EFB300EE52B6 /* GlobalConstant.swift in Sources */,
				CEBFD3162346EFB300EE52B6 /* ArrayHelper.swift in Sources */,
				CEBFD33A2346EFB300EE52B6 /* MovieSimilarCell.swift in Sources */,
				CEBFD3222346EFB300EE52B6 /* MovieCollection.swift in Sources */,
				CEBFD3432346EFB300EE52B6 /* ErrorCell.swift in Sources */,
				CEBFD33B2346EFB300EE52B6 /* SectionHeaderView.swift in Sources */,
				CEBFD3232346EFB300EE52B6 /* MovieDetails.swift in Sources */,
				CEBFD31F2346EFB300EE52B6 /* BaseVM.swift in Sources */,
				CEBFD3462346EFB300EE52B6 /* BaseTableView.swift in Sources */,
				CE229D5F2347163E0023E62C /* BasePresenter.swift in Sources */,
				CEBFD3122346EFB300EE52B6 /* TextFieldHelper.swift in Sources */,
				CE229D552346F3E20023E62C /* MovieListPresenter.swift in Sources */,
				CE229D5D2346F85C0023E62C /* BaseInteractorRepo.swift in Sources */,
				CEBFD3292346EFB300EE52B6 /* GlobalCellFactory.swift in Sources */,
				CEBFD30A2346EFB300EE52B6 /* WebViewController.swift in Sources */,
				CEBFD3472346EFB300EE52B6 /* BaseCell.swift in Sources */,
				CEBFD33E2346EFB300EE52B6 /* MoviePreviewCell.swift in Sources */,
				CE229D592346F3F70023E62C /* MovieListRouter.swift in Sources */,
				CEBFD34F2346EFB300EE52B6 /* GlobalVMFactory.swift in Sources */,
				CEBFD3142346EFB300EE52B6 /* ViewControllerHelper.swift in Sources */,
				CEBFD34D2346EFB300EE52B6 /* Request.swift in Sources */,
				CEBFD3502346EFB300EE52B6 /* GlobalEnums.swift in Sources */,
				CEBFD3492346EFB300EE52B6 /* MovieDetailsCell.swift in Sources */,
				CEBFD3132346EFB300EE52B6 /* ViewHelper.swift in Sources */,
				CEBFD34C2346EFB300EE52B6 /* Response.swift in Sources */,
				CEBFD3482346EFB300EE52B6 /* BaseView.swift in Sources */,
				CEBFD33D2346EFB300EE52B6 /* MovieHeaderCell.swift in Sources */,
				CE229D6123471B570023E62C /* MovieDetailsPresenter.swift in Sources */,
				CEBFD31E2346EFB300EE52B6 /* BaseVMRepo.swift in Sources */,
				CEBFD3212346EFB300EE52B6 /* Language.swift in Sources */,
				CEBFD33F2346EFB300EE52B6 /* WebView.swift in Sources */,
				CEBFD3252346EFB300EE52B6 /* MovieDetailsPresenterProtocol.swift in Sources */,
				CEBFD3282346EFB300EE52B6 /* Company.swift in Sources */,
				CEBFD30B2346EFB300EE52B6 /* BaseVC.swift in Sources */,
				CEBFD31B2346EFB300EE52B6 /* GlobalVCFactory.swift in Sources */,
				CEBFD3152346EFB300EE52B6 /* ImageHelper.swift in Sources */,
				CEBFD3412346EFB300EE52B6 /* LoaderCVCell.swift in Sources */,
				CEBFD3452346EFB300EE52B6 /* BaseLabel.swift in Sources */,
				CE229D6523471B720023E62C /* MovieDetailsRouter.swift in Sources */,
				CE229D5B2346F7300023E62C /* BaseInteractor.swift in Sources */,
			);
			runOnlyForDeploymentPostprocessing = 0;
		};
		CEBFD2832346EE0600EE52B6 /* Sources */ = {
			isa = PBXSourcesBuildPhase;
			buildActionMask = 2147483647;
			files = (
				CEBFD3552346EFF000EE52B6 /* MovieDetailsTests.swift in Sources */,
				CEBFD3572346EFF000EE52B6 /* ViperMoviesTests.swift in Sources */,
				CEBFD3582346EFF000EE52B6 /* MovieListTests.swift in Sources */,
			);
			runOnlyForDeploymentPostprocessing = 0;
		};
/* End PBXSourcesBuildPhase section */

/* Begin PBXTargetDependency section */
		CEBFD2892346EE0600EE52B6 /* PBXTargetDependency */ = {
			isa = PBXTargetDependency;
			target = CEBFD2722346EE0500EE52B6 /* ViperMovies */;
			targetProxy = CEBFD2882346EE0600EE52B6 /* PBXContainerItemProxy */;
		};
/* End PBXTargetDependency section */

/* Begin PBXVariantGroup section */
		CEBFD2A52346EFB200EE52B6 /* LaunchScreen.storyboard */ = {
			isa = PBXVariantGroup;
			children = (
				CEBFD2A62346EFB200EE52B6 /* Base */,
			);
			name = LaunchScreen.storyboard;
			sourceTree = "<group>";
		};
		CEBFD2A72346EFB200EE52B6 /* Movie.storyboard */ = {
			isa = PBXVariantGroup;
			children = (
				CEBFD2A82346EFB200EE52B6 /* Base */,
			);
			name = Movie.storyboard;
			sourceTree = "<group>";
		};
/* End PBXVariantGroup section */

/* Begin XCBuildConfiguration section */
		CEBFD28E2346EE0600EE52B6 /* Debug */ = {
			isa = XCBuildConfiguration;
			buildSettings = {
				ALWAYS_SEARCH_USER_PATHS = NO;
				CLANG_ANALYZER_NONNULL = YES;
				CLANG_ANALYZER_NUMBER_OBJECT_CONVERSION = YES_AGGRESSIVE;
				CLANG_CXX_LANGUAGE_STANDARD = "gnu++14";
				CLANG_CXX_LIBRARY = "libc++";
				CLANG_ENABLE_MODULES = YES;
				CLANG_ENABLE_OBJC_ARC = YES;
				CLANG_ENABLE_OBJC_WEAK = YES;
				CLANG_WARN_BLOCK_CAPTURE_AUTORELEASING = YES;
				CLANG_WARN_BOOL_CONVERSION = YES;
				CLANG_WARN_COMMA = YES;
				CLANG_WARN_CONSTANT_CONVERSION = YES;
				CLANG_WARN_DEPRECATED_OBJC_IMPLEMENTATIONS = YES;
				CLANG_WARN_DIRECT_OBJC_ISA_USAGE = YES_ERROR;
				CLANG_WARN_DOCUMENTATION_COMMENTS = YES;
				CLANG_WARN_EMPTY_BODY = YES;
				CLANG_WARN_ENUM_CONVERSION = YES;
				CLANG_WARN_INFINITE_RECURSION = YES;
				CLANG_WARN_INT_CONVERSION = YES;
				CLANG_WARN_NON_LITERAL_NULL_CONVERSION = YES;
				CLANG_WARN_OBJC_IMPLICIT_RETAIN_SELF = YES;
				CLANG_WARN_OBJC_LITERAL_CONVERSION = YES;
				CLANG_WARN_OBJC_ROOT_CLASS = YES_ERROR;
				CLANG_WARN_RANGE_LOOP_ANALYSIS = YES;
				CLANG_WARN_STRICT_PROTOTYPES = YES;
				CLANG_WARN_SUSPICIOUS_MOVE = YES;
				CLANG_WARN_UNGUARDED_AVAILABILITY = YES_AGGRESSIVE;
				CLANG_WARN_UNREACHABLE_CODE = YES;
				CLANG_WARN__DUPLICATE_METHOD_MATCH = YES;
				CODE_SIGN_IDENTITY = "iPhone Developer";
				COPY_PHASE_STRIP = NO;
				DEBUG_INFORMATION_FORMAT = dwarf;
				ENABLE_STRICT_OBJC_MSGSEND = YES;
				ENABLE_TESTABILITY = YES;
				GCC_C_LANGUAGE_STANDARD = gnu11;
				GCC_DYNAMIC_NO_PIC = NO;
				GCC_NO_COMMON_BLOCKS = YES;
				GCC_OPTIMIZATION_LEVEL = 0;
				GCC_PREPROCESSOR_DEFINITIONS = (
					"DEBUG=1",
					"$(inherited)",
				);
				GCC_WARN_64_TO_32_BIT_CONVERSION = YES;
				GCC_WARN_ABOUT_RETURN_TYPE = YES_ERROR;
				GCC_WARN_UNDECLARED_SELECTOR = YES;
				GCC_WARN_UNINITIALIZED_AUTOS = YES_AGGRESSIVE;
				GCC_WARN_UNUSED_FUNCTION = YES;
				GCC_WARN_UNUSED_VARIABLE = YES;
				IPHONEOS_DEPLOYMENT_TARGET = 12.4;
				MTL_ENABLE_DEBUG_INFO = INCLUDE_SOURCE;
				MTL_FAST_MATH = YES;
				ONLY_ACTIVE_ARCH = YES;
				SDKROOT = iphoneos;
				SWIFT_ACTIVE_COMPILATION_CONDITIONS = DEBUG;
				SWIFT_OPTIMIZATION_LEVEL = "-Onone";
			};
			name = Debug;
		};
		CEBFD28F2346EE0600EE52B6 /* Release */ = {
			isa = XCBuildConfiguration;
			buildSettings = {
				ALWAYS_SEARCH_USER_PATHS = NO;
				CLANG_ANALYZER_NONNULL = YES;
				CLANG_ANALYZER_NUMBER_OBJECT_CONVERSION = YES_AGGRESSIVE;
				CLANG_CXX_LANGUAGE_STANDARD = "gnu++14";
				CLANG_CXX_LIBRARY = "libc++";
				CLANG_ENABLE_MODULES = YES;
				CLANG_ENABLE_OBJC_ARC = YES;
				CLANG_ENABLE_OBJC_WEAK = YES;
				CLANG_WARN_BLOCK_CAPTURE_AUTORELEASING = YES;
				CLANG_WARN_BOOL_CONVERSION = YES;
				CLANG_WARN_COMMA = YES;
				CLANG_WARN_CONSTANT_CONVERSION = YES;
				CLANG_WARN_DEPRECATED_OBJC_IMPLEMENTATIONS = YES;
				CLANG_WARN_DIRECT_OBJC_ISA_USAGE = YES_ERROR;
				CLANG_WARN_DOCUMENTATION_COMMENTS = YES;
				CLANG_WARN_EMPTY_BODY = YES;
				CLANG_WARN_ENUM_CONVERSION = YES;
				CLANG_WARN_INFINITE_RECURSION = YES;
				CLANG_WARN_INT_CONVERSION = YES;
				CLANG_WARN_NON_LITERAL_NULL_CONVERSION = YES;
				CLANG_WARN_OBJC_IMPLICIT_RETAIN_SELF = YES;
				CLANG_WARN_OBJC_LITERAL_CONVERSION = YES;
				CLANG_WARN_OBJC_ROOT_CLASS = YES_ERROR;
				CLANG_WARN_RANGE_LOOP_ANALYSIS = YES;
				CLANG_WARN_STRICT_PROTOTYPES = YES;
				CLANG_WARN_SUSPICIOUS_MOVE = YES;
				CLANG_WARN_UNGUARDED_AVAILABILITY = YES_AGGRESSIVE;
				CLANG_WARN_UNREACHABLE_CODE = YES;
				CLANG_WARN__DUPLICATE_METHOD_MATCH = YES;
				CODE_SIGN_IDENTITY = "iPhone Developer";
				COPY_PHASE_STRIP = NO;
				DEBUG_INFORMATION_FORMAT = "dwarf-with-dsym";
				ENABLE_NS_ASSERTIONS = NO;
				ENABLE_STRICT_OBJC_MSGSEND = YES;
				GCC_C_LANGUAGE_STANDARD = gnu11;
				GCC_NO_COMMON_BLOCKS = YES;
				GCC_WARN_64_TO_32_BIT_CONVERSION = YES;
				GCC_WARN_ABOUT_RETURN_TYPE = YES_ERROR;
				GCC_WARN_UNDECLARED_SELECTOR = YES;
				GCC_WARN_UNINITIALIZED_AUTOS = YES_AGGRESSIVE;
				GCC_WARN_UNUSED_FUNCTION = YES;
				GCC_WARN_UNUSED_VARIABLE = YES;
				IPHONEOS_DEPLOYMENT_TARGET = 12.4;
				MTL_ENABLE_DEBUG_INFO = NO;
				MTL_FAST_MATH = YES;
				SDKROOT = iphoneos;
				SWIFT_COMPILATION_MODE = wholemodule;
				SWIFT_OPTIMIZATION_LEVEL = "-O";
				VALIDATE_PRODUCT = YES;
			};
			name = Release;
		};
		CEBFD2912346EE0600EE52B6 /* Debug */ = {
			isa = XCBuildConfiguration;
			baseConfigurationReference = 5D07878C58E68A4E39E22E33 /* Pods-ViperMovies.debug.xcconfig */;
			buildSettings = {
				ASSETCATALOG_COMPILER_APPICON_NAME = AppIcon;
				CLANG_ENABLE_MODULES = YES;
				CODE_SIGN_STYLE = Automatic;
				INFOPLIST_FILE = ViperMovies/Info.plist;
				LD_RUNPATH_SEARCH_PATHS = (
					"$(inherited)",
					"@executable_path/Frameworks",
				);
				PRODUCT_BUNDLE_IDENTIFIER = com.gojek.ViperMovies;
				PRODUCT_NAME = "$(TARGET_NAME)";
				SWIFT_OPTIMIZATION_LEVEL = "-Onone";
				SWIFT_VERSION = 5.0;
				TARGETED_DEVICE_FAMILY = "1,2";
			};
			name = Debug;
		};
		CEBFD2922346EE0600EE52B6 /* Release */ = {
			isa = XCBuildConfiguration;
			baseConfigurationReference = 2B011EC701FC1EC53224DF26 /* Pods-ViperMovies.release.xcconfig */;
			buildSettings = {
				ASSETCATALOG_COMPILER_APPICON_NAME = AppIcon;
				CLANG_ENABLE_MODULES = YES;
				CODE_SIGN_STYLE = Automatic;
				INFOPLIST_FILE = ViperMovies/Info.plist;
				LD_RUNPATH_SEARCH_PATHS = (
					"$(inherited)",
					"@executable_path/Frameworks",
				);
				PRODUCT_BUNDLE_IDENTIFIER = com.gojek.ViperMovies;
				PRODUCT_NAME = "$(TARGET_NAME)";
				SWIFT_VERSION = 5.0;
				TARGETED_DEVICE_FAMILY = "1,2";
			};
			name = Release;
		};
		CEBFD2942346EE0600EE52B6 /* Debug */ = {
			isa = XCBuildConfiguration;
			buildSettings = {
				ALWAYS_EMBED_SWIFT_STANDARD_LIBRARIES = YES;
				BUNDLE_LOADER = "$(TEST_HOST)";
				CLANG_ENABLE_MODULES = YES;
				CODE_SIGN_STYLE = Automatic;
				INFOPLIST_FILE = ViperMoviesTests/Info.plist;
				LD_RUNPATH_SEARCH_PATHS = (
					"$(inherited)",
					"@executable_path/Frameworks",
					"@loader_path/Frameworks",
				);
				PRODUCT_BUNDLE_IDENTIFIER = com.gojek.ViperMoviesTests;
				PRODUCT_NAME = "$(TARGET_NAME)";
				SWIFT_OPTIMIZATION_LEVEL = "-Onone";
				SWIFT_VERSION = 5.0;
				TARGETED_DEVICE_FAMILY = "1,2";
				TEST_HOST = "$(BUILT_PRODUCTS_DIR)/ViperMovies.app/ViperMovies";
			};
			name = Debug;
		};
		CEBFD2952346EE0600EE52B6 /* Release */ = {
			isa = XCBuildConfiguration;
			buildSettings = {
				ALWAYS_EMBED_SWIFT_STANDARD_LIBRARIES = YES;
				BUNDLE_LOADER = "$(TEST_HOST)";
				CLANG_ENABLE_MODULES = YES;
				CODE_SIGN_STYLE = Automatic;
				INFOPLIST_FILE = ViperMoviesTests/Info.plist;
				LD_RUNPATH_SEARCH_PATHS = (
					"$(inherited)",
					"@executable_path/Frameworks",
					"@loader_path/Frameworks",
				);
				PRODUCT_BUNDLE_IDENTIFIER = com.gojek.ViperMoviesTests;
				PRODUCT_NAME = "$(TARGET_NAME)";
				SWIFT_VERSION = 5.0;
				TARGETED_DEVICE_FAMILY = "1,2";
				TEST_HOST = "$(BUILT_PRODUCTS_DIR)/ViperMovies.app/ViperMovies";
			};
			name = Release;
		};
/* End XCBuildConfiguration section */

/* Begin XCConfigurationList section */
		CEBFD26E2346EE0500EE52B6 /* Build configuration list for PBXProject "ViperMovies" */ = {
			isa = XCConfigurationList;
			buildConfigurations = (
				CEBFD28E2346EE0600EE52B6 /* Debug */,
				CEBFD28F2346EE0600EE52B6 /* Release */,
			);
			defaultConfigurationIsVisible = 0;
			defaultConfigurationName = Release;
		};
		CEBFD2902346EE0600EE52B6 /* Build configuration list for PBXNativeTarget "ViperMovies" */ = {
			isa = XCConfigurationList;
			buildConfigurations = (
				CEBFD2912346EE0600EE52B6 /* Debug */,
				CEBFD2922346EE0600EE52B6 /* Release */,
			);
			defaultConfigurationIsVisible = 0;
			defaultConfigurationName = Release;
		};
		CEBFD2932346EE0600EE52B6 /* Build configuration list for PBXNativeTarget "ViperMoviesTests" */ = {
			isa = XCConfigurationList;
			buildConfigurations = (
				CEBFD2942346EE0600EE52B6 /* Debug */,
				CEBFD2952346EE0600EE52B6 /* Release */,
			);
			defaultConfigurationIsVisible = 0;
			defaultConfigurationName = Release;
		};
/* End XCConfigurationList section */
	};
	rootObject = CEBFD26B2346EE0500EE52B6 /* Project object */;
}
